
Microsoft Visual Studio Solution File, Format Version 12.00
# Visual Studio Version 17
VisualStudioVersion = 17.8.34511.84
MinimumVisualStudioVersion = 10.0.40219.1
Project("{8BC9CEB8-8B4A-11D0-8D11-00A0C91BC942}") = "ODSyncUtil", "ODSyncUtil\ODSyncUtil.vcxproj", "{D0005838-F790-4CC2-8A0B-CB9B84C76BAB}"
EndProject
Project("{8BC9CEB8-8B4A-11D0-8D11-00A0C91BC942}") = "OneDriveFlyoutPS", "OneDriveFlyoutPS\OneDriveFlyoutPS.vcxproj", "{24CF127E-5AD2-492C-8D8D-5A413844E189}"
EndProject
Project("{8BC9CEB8-8B4A-11D0-8D11-00A0C91BC942}") = "ODSyncLib", "ODSyncLib\ODSyncLib.vcxproj", "{63C14E50-858E-41AB-9AA5-D581F9D6E9A6}"
EndProject
Global
	GlobalSection(SolutionConfigurationPlatforms) = preSolution
		Debug|x64 = Debug|x64
		Debug|x86 = Debug|x86
		Release|x64 = Release|x64
		Release|x86 = Release|x86
	EndGlobalSection
	GlobalSection(ProjectConfigurationPlatforms) = postSolution
		{D0005838-F790-4CC2-8A0B-CB9B84C76BAB}.Debug|x64.ActiveCfg = Debug|x64
		{D0005838-F790-4CC2-8A0B-CB9B84C76BAB}.Debug|x64.Build.0 = Debug|x64
		{D0005838-F790-4CC2-8A0B-CB9B84C76BAB}.Debug|x86.ActiveCfg = Debug|Win32
		{D0005838-F790-4CC2-8A0B-CB9B84C76BAB}.Debug|x86.Build.0 = Debug|Win32
		{D0005838-F790-4CC2-8A0B-CB9B84C76BAB}.Release|x64.ActiveCfg = Release|x64
		{D0005838-F790-4CC2-8A0B-CB9B84C76BAB}.Release|x64.Build.0 = Release|x64
		{D0005838-F790-4CC2-8A0B-CB9B84C76BAB}.Release|x86.ActiveCfg = Release|Win32
		{D0005838-F790-4CC2-8A0B-CB9B84C76BAB}.Release|x86.Build.0 = Release|Win32
		{24CF127E-5AD2-492C-8D8D-5A413844E189}.Debug|x64.ActiveCfg = Debug|x64
		{24CF127E-5AD2-492C-8D8D-5A413844E189}.Debug|x64.Build.0 = Debug|x64
		{24CF127E-5AD2-492C-8D8D-5A413844E189}.Debug|x86.ActiveCfg = Debug|Win32
		{24CF127E-5AD2-492C-8D8D-5A413844E189}.Debug|x86.Build.0 = Debug|Win32
		{24CF127E-5AD2-492C-8D8D-5A413844E189}.Release|x64.ActiveCfg = Release|x64
		{24CF127E-5AD2-492C-8D8D-5A413844E189}.Release|x64.Build.0 = Release|x64
		{24CF127E-5AD2-492C-8D8D-5A413844E189}.Release|x86.ActiveCfg = Release|Win32
		{24CF127E-5AD2-492C-8D8D-5A413844E189}.Release|x86.Build.0 = Release|Win32
		{63C14E50-858E-41AB-9AA5-D581F9D6E9A6}.Debug|x64.ActiveCfg = Debug|x64
		{63C14E50-858E-41AB-9AA5-D581F9D6E9A6}.Debug|x64.Build.0 = Debug|x64
		{63C14E50-858E-41AB-9AA5-D581F9D6E9A6}.Debug|x86.ActiveCfg = Debug|Win32
		{63C14E50-858E-41AB-9AA5-D581F9D6E9A6}.Debug|x86.Build.0 = Debug|Win32
		{63C14E50-858E-41AB-9AA5-D581F9D6E9A6}.Release|x64.ActiveCfg = Release|x64
		{63C14E50-858E-41AB-9AA5-D581F9D6E9A6}.Release|x64.Build.0 = Release|x64
		{63C14E50-858E-41AB-9AA5-D581F9D6E9A6}.Release|x86.ActiveCfg = Release|Win32
		{63C14E50-858E-41AB-9AA5-D581F9D6E9A6}.Release|x86.Build.0 = Release|Win32
	EndGlobalSection
	GlobalSection(SolutionProperties) = preSolution
		HideSolutionNode = FALSE
	EndGlobalSection
	GlobalSection(ExtensibilityGlobals) = postSolution
		SolutionGuid = {FEF9CB6E-BEE5-4053-88CB-900338E348F9}
	EndGlobalSection
EndGlobal
